
Microsoft Visual Studio Solution File, Format Version 12.00
# Visual Studio Version 17
VisualStudioVersion = 17.3.32929.385
MinimumVisualStudioVersion = 10.0.40219.1
Project("{FAE04EC0-301F-11D3-BF4B-00C04F79EFBC}") = "DataDesignFinal_Forms", "DataDesignFinal_Forms.csproj", "{0DF3ECCC-67EF-4746-BC42-D85F2C3A9E5F}"
EndProject
Global
	GlobalSection(SolutionConfigurationPlatforms) = preSolution
		Debug|Any CPU = Debug|Any CPU
		Release|Any CPU = Release|Any CPU
	EndGlobalSection
	GlobalSection(ProjectConfigurationPlatforms) = postSolution
		{0DF3ECCC-67EF-4746-BC42-D85F2C3A9E5F}.Debug|Any CPU.ActiveCfg = Debug|Any CPU
		{0DF3ECCC-67EF-4746-BC42-D85F2C3A9E5F}.Debug|Any CPU.Build.0 = Debug|Any CPU
		{0DF3ECCC-67EF-4746-BC42-D85F2C3A9E5F}.Release|Any CPU.ActiveCfg = Release|Any CPU
		{0DF3ECCC-67EF-4746-BC42-D85F2C3A9E5F}.Release|Any CPU.Build.0 = Release|Any CPU
	EndGlobalSection
	GlobalSection(SolutionProperties) = preSolution
		HideSolutionNode = FALSE
	EndGlobalSection
	GlobalSection(ExtensibilityGlobals) = postSolution
		SolutionGuid = {7B0DC6E1-6DA4-494A-8C61-0C48408FEEF8}
	EndGlobalSection
EndGlobal
